
Microsoft Visual Studio Solution File, Format Version 12.00
# Visual Studio Version 16
VisualStudioVersion = 25.0.1705.0
MinimumVisualStudioVersion = 10.0.40219.1
Project("{FAE04EC0-301F-11D3-BF4B-00C04F79EFBC}") = "MovieAPI", "MovieAPI\MovieAPI.csproj", "{9AFD1ACF-C10C-4ED8-B58C-5DD524AD0123}"
EndProject
Global
	GlobalSection(SolutionConfigurationPlatforms) = preSolution
		Debug|Any CPU = Debug|Any CPU
		Release|Any CPU = Release|Any CPU
	EndGlobalSection
	GlobalSection(ProjectConfigurationPlatforms) = postSolution
		{9AFD1ACF-C10C-4ED8-B58C-5DD524AD0123}.Debug|Any CPU.ActiveCfg = Debug|Any CPU
		{9AFD1ACF-C10C-4ED8-B58C-5DD524AD0123}.Debug|Any CPU.Build.0 = Debug|Any CPU
		{9AFD1ACF-C10C-4ED8-B58C-5DD524AD0123}.Release|Any CPU.ActiveCfg = Release|Any CPU
		{9AFD1ACF-C10C-4ED8-B58C-5DD524AD0123}.Release|Any CPU.Build.0 = Release|Any CPU
	EndGlobalSection
	GlobalSection(SolutionProperties) = preSolution
		HideSolutionNode = FALSE
	EndGlobalSection
	GlobalSection(ExtensibilityGlobals) = postSolution
		SolutionGuid = {2FE14BE7-3B2E-4ECC-B65B-DB30FB18A89B}
	EndGlobalSection
EndGlobal
